
Microsoft Visual Studio Solution File, Format Version 12.00
# Visual Studio 15
VisualStudioVersion = 15.0.26730.16
MinimumVisualStudioVersion = 10.0.40219.1
Project("{FAE04EC0-301F-11D3-BF4B-00C04F79EFBC}") = "MScResearchTool.Win10.UWP", "MScResearchTool.Win10.UWP\MScResearchTool.Win10.UWP.csproj", "{37C2DE75-D015-414C-ADFF-126536995346}"
	ProjectSection(ProjectDependencies) = postProject
		{EE301B10-3349-48F4-B64C-236D6B9BEE59} = {EE301B10-3349-48F4-B64C-236D6B9BEE59}
		{3F895793-0A08-4B2C-8C58-271A943BF340} = {3F895793-0A08-4B2C-8C58-271A943BF340}
	EndProjectSection
EndProject
Project("{FAE04EC0-301F-11D3-BF4B-00C04F79EFBC}") = "MScResearchTool.Win10.Domain", "MScResearchTool.Win10.Domain\MScResearchTool.Win10.Domain.csproj", "{EE301B10-3349-48F4-B64C-236D6B9BEE59}"
EndProject
Project("{FAE04EC0-301F-11D3-BF4B-00C04F79EFBC}") = "MScResearchTool.Win10.Services", "MScResearchTool.Win10.Services\MScResearchTool.Win10.Services.csproj", "{F8B492E3-92C5-41C4-A081-D4F9E3144ED3}"
	ProjectSection(ProjectDependencies) = postProject
		{EE301B10-3349-48F4-B64C-236D6B9BEE59} = {EE301B10-3349-48F4-B64C-236D6B9BEE59}
	EndProjectSection
EndProject
Project("{FAE04EC0-301F-11D3-BF4B-00C04F79EFBC}") = "MScResearchTool.Win10.BusinessLogic", "MScResearchTool.Win10.BusinessLogic\MScResearchTool.Win10.BusinessLogic.csproj", "{8AC4F8B0-D1B7-4EC9-A8DB-3BF3E673C5C9}"
	ProjectSection(ProjectDependencies) = postProject
		{EE301B10-3349-48F4-B64C-236D6B9BEE59} = {EE301B10-3349-48F4-B64C-236D6B9BEE59}
	EndProjectSection
EndProject
Project("{FAE04EC0-301F-11D3-BF4B-00C04F79EFBC}") = "MScResearchTool.Win10.Binder", "MScResearchTool.Win10.Binder\MScResearchTool.Win10.Binder.csproj", "{3F895793-0A08-4B2C-8C58-271A943BF340}"
	ProjectSection(ProjectDependencies) = postProject
		{EE301B10-3349-48F4-B64C-236D6B9BEE59} = {EE301B10-3349-48F4-B64C-236D6B9BEE59}
		{8AC4F8B0-D1B7-4EC9-A8DB-3BF3E673C5C9} = {8AC4F8B0-D1B7-4EC9-A8DB-3BF3E673C5C9}
		{F8B492E3-92C5-41C4-A081-D4F9E3144ED3} = {F8B492E3-92C5-41C4-A081-D4F9E3144ED3}
	EndProjectSection
EndProject
Project("{FAE04EC0-301F-11D3-BF4B-00C04F79EFBC}") = "MScResearchTool.Win10.Tests", "MScResearchTool.Win10.Tests\MScResearchTool.Win10.Tests.csproj", "{84172F0A-AC3F-404C-A280-4C238B93FA8D}"
	ProjectSection(ProjectDependencies) = postProject
		{EE301B10-3349-48F4-B64C-236D6B9BEE59} = {EE301B10-3349-48F4-B64C-236D6B9BEE59}
		{8AC4F8B0-D1B7-4EC9-A8DB-3BF3E673C5C9} = {8AC4F8B0-D1B7-4EC9-A8DB-3BF3E673C5C9}
		{F8B492E3-92C5-41C4-A081-D4F9E3144ED3} = {F8B492E3-92C5-41C4-A081-D4F9E3144ED3}
	EndProjectSection
EndProject
Global
	GlobalSection(SolutionConfigurationPlatforms) = preSolution
		Debug|Any CPU = Debug|Any CPU
		Debug|ARM = Debug|ARM
		Debug|x64 = Debug|x64
		Debug|x86 = Debug|x86
		Release|Any CPU = Release|Any CPU
		Release|ARM = Release|ARM
		Release|x64 = Release|x64
		Release|x86 = Release|x86
	EndGlobalSection
	GlobalSection(ProjectConfigurationPlatforms) = postSolution
		{37C2DE75-D015-414C-ADFF-126536995346}.Debug|Any CPU.ActiveCfg = Debug|x64
		{37C2DE75-D015-414C-ADFF-126536995346}.Debug|Any CPU.Build.0 = Debug|x64
		{37C2DE75-D015-414C-ADFF-126536995346}.Debug|Any CPU.Deploy.0 = Debug|x64
		{37C2DE75-D015-414C-ADFF-126536995346}.Debug|ARM.ActiveCfg = Debug|ARM
		{37C2DE75-D015-414C-ADFF-126536995346}.Debug|ARM.Build.0 = Debug|ARM
		{37C2DE75-D015-414C-ADFF-126536995346}.Debug|ARM.Deploy.0 = Debug|ARM
		{37C2DE75-D015-414C-ADFF-126536995346}.Debug|x64.ActiveCfg = Debug|x64
		{37C2DE75-D015-414C-ADFF-126536995346}.Debug|x64.Build.0 = Debug|x64
		{37C2DE75-D015-414C-ADFF-126536995346}.Debug|x64.Deploy.0 = Debug|x64
		{37C2DE75-D015-414C-ADFF-126536995346}.Debug|x86.ActiveCfg = Debug|x86
		{37C2DE75-D015-414C-ADFF-126536995346}.Debug|x86.Build.0 = Debug|x86
		{37C2DE75-D015-414C-ADFF-126536995346}.Debug|x86.Deploy.0 = Debug|x86
		{37C2DE75-D015-414C-ADFF-126536995346}.Release|Any CPU.ActiveCfg = Release|x86
		{37C2DE75-D015-414C-ADFF-126536995346}.Release|ARM.ActiveCfg = Release|ARM
		{37C2DE75-D015-414C-ADFF-126536995346}.Release|ARM.Build.0 = Release|ARM
		{37C2DE75-D015-414C-ADFF-126536995346}.Release|ARM.Deploy.0 = Release|ARM
		{37C2DE75-D015-414C-ADFF-126536995346}.Release|x64.ActiveCfg = Release|x64
		{37C2DE75-D015-414C-ADFF-126536995346}.Release|x64.Build.0 = Release|x64
		{37C2DE75-D015-414C-ADFF-126536995346}.Release|x64.Deploy.0 = Release|x64
		{37C2DE75-D015-414C-ADFF-126536995346}.Release|x86.ActiveCfg = Release|x86
		{37C2DE75-D015-414C-ADFF-126536995346}.Release|x86.Build.0 = Release|x86
		{37C2DE75-D015-414C-ADFF-126536995346}.Release|x86.Deploy.0 = Release|x86
		{EE301B10-3349-48F4-B64C-236D6B9BEE59}.Debug|Any CPU.ActiveCfg = Debug|Any CPU
		{EE301B10-3349-48F4-B64C-236D6B9BEE59}.Debug|Any CPU.Build.0 = Debug|Any CPU
		{EE301B10-3349-48F4-B64C-236D6B9BEE59}.Debug|ARM.ActiveCfg = Debug|ARM
		{EE301B10-3349-48F4-B64C-236D6B9BEE59}.Debug|ARM.Build.0 = Debug|ARM
		{EE301B10-3349-48F4-B64C-236D6B9BEE59}.Debug|x64.ActiveCfg = Debug|x64
		{EE301B10-3349-48F4-B64C-236D6B9BEE59}.Debug|x64.Build.0 = Debug|x64
		{EE301B10-3349-48F4-B64C-236D6B9BEE59}.Debug|x86.ActiveCfg = Debug|x86
		{EE301B10-3349-48F4-B64C-236D6B9BEE59}.Debug|x86.Build.0 = Debug|x86
		{EE301B10-3349-48F4-B64C-236D6B9BEE59}.Release|Any CPU.ActiveCfg = Release|Any CPU
		{EE301B10-3349-48F4-B64C-236D6B9BEE59}.Release|Any CPU.Build.0 = Release|Any CPU
		{EE301B10-3349-48F4-B64C-236D6B9BEE59}.Release|ARM.ActiveCfg = Release|ARM
		{EE301B10-3349-48F4-B64C-236D6B9BEE59}.Release|ARM.Build.0 = Release|ARM
		{EE301B10-3349-48F4-B64C-236D6B9BEE59}.Release|x64.ActiveCfg = Release|x64
		{EE301B10-3349-48F4-B64C-236D6B9BEE59}.Release|x64.Build.0 = Release|x64
		{EE301B10-3349-48F4-B64C-236D6B9BEE59}.Release|x86.ActiveCfg = Release|x86
		{EE301B10-3349-48F4-B64C-236D6B9BEE59}.Release|x86.Build.0 = Release|x86
		{F8B492E3-92C5-41C4-A081-D4F9E3144ED3}.Debug|Any CPU.ActiveCfg = Debug|Any CPU
		{F8B492E3-92C5-41C4-A081-D4F9E3144ED3}.Debug|Any CPU.Build.0 = Debug|Any CPU
		{F8B492E3-92C5-41C4-A081-D4F9E3144ED3}.Debug|ARM.ActiveCfg = Debug|ARM
		{F8B492E3-92C5-41C4-A081-D4F9E3144ED3}.Debug|ARM.Build.0 = Debug|ARM
		{F8B492E3-92C5-41C4-A081-D4F9E3144ED3}.Debug|x64.ActiveCfg = Debug|x64
		{F8B492E3-92C5-41C4-A081-D4F9E3144ED3}.Debug|x64.Build.0 = Debug|x64
		{F8B492E3-92C5-41C4-A081-D4F9E3144ED3}.Debug|x86.ActiveCfg = Debug|x86
		{F8B492E3-92C5-41C4-A081-D4F9E3144ED3}.Debug|x86.Build.0 = Debug|x86
		{F8B492E3-92C5-41C4-A081-D4F9E3144ED3}.Release|Any CPU.ActiveCfg = Release|Any CPU
		{F8B492E3-92C5-41C4-A081-D4F9E3144ED3}.Release|Any CPU.Build.0 = Release|Any CPU
		{F8B492E3-92C5-41C4-A081-D4F9E3144ED3}.Release|ARM.ActiveCfg = Release|ARM
		{F8B492E3-92C5-41C4-A081-D4F9E3144ED3}.Release|ARM.Build.0 = Release|ARM
		{F8B492E3-92C5-41C4-A081-D4F9E3144ED3}.Release|x64.ActiveCfg = Release|x64
		{F8B492E3-92C5-41C4-A081-D4F9E3144ED3}.Release|x64.Build.0 = Release|x64
		{F8B492E3-92C5-41C4-A081-D4F9E3144ED3}.Release|x86.ActiveCfg = Release|x86
		{F8B492E3-92C5-41C4-A081-D4F9E3144ED3}.Release|x86.Build.0 = Release|x86
		{8AC4F8B0-D1B7-4EC9-A8DB-3BF3E673C5C9}.Debug|Any CPU.ActiveCfg = Debug|Any CPU
		{8AC4F8B0-D1B7-4EC9-A8DB-3BF3E673C5C9}.Debug|Any CPU.Build.0 = Debug|Any CPU
		{8AC4F8B0-D1B7-4EC9-A8DB-3BF3E673C5C9}.Debug|ARM.ActiveCfg = Debug|ARM
		{8AC4F8B0-D1B7-4EC9-A8DB-3BF3E673C5C9}.Debug|ARM.Build.0 = Debug|ARM
		{8AC4F8B0-D1B7-4EC9-A8DB-3BF3E673C5C9}.Debug|x64.ActiveCfg = Debug|x64
		{8AC4F8B0-D1B7-4EC9-A8DB-3BF3E673C5C9}.Debug|x64.Build.0 = Debug|x64
		{8AC4F8B0-D1B7-4EC9-A8DB-3BF3E673C5C9}.Debug|x86.ActiveCfg = Debug|x86
		{8AC4F8B0-D1B7-4EC9-A8DB-3BF3E673C5C9}.Debug|x86.Build.0 = Debug|x86
		{8AC4F8B0-D1B7-4EC9-A8DB-3BF3E673C5C9}.Release|Any CPU.ActiveCfg = Release|Any CPU
		{8AC4F8B0-D1B7-4EC9-A8DB-3BF3E673C5C9}.Release|Any CPU.Build.0 = Release|Any CPU
		{8AC4F8B0-D1B7-4EC9-A8DB-3BF3E673C5C9}.Release|ARM.ActiveCfg = Release|ARM
		{8AC4F8B0-D1B7-4EC9-A8DB-3BF3E673C5C9}.Release|ARM.Build.0 = Release|ARM
		{8AC4F8B0-D1B7-4EC9-A8DB-3BF3E673C5C9}.Release|x64.ActiveCfg = Release|x64
		{8AC4F8B0-D1B7-4EC9-A8DB-3BF3E673C5C9}.Release|x64.Build.0 = Release|x64
		{8AC4F8B0-D1B7-4EC9-A8DB-3BF3E673C5C9}.Release|x86.ActiveCfg = Release|x86
		{8AC4F8B0-D1B7-4EC9-A8DB-3BF3E673C5C9}.Release|x86.Build.0 = Release|x86
		{3F895793-0A08-4B2C-8C58-271A943BF340}.Debug|Any CPU.ActiveCfg = Debug|Any CPU
		{3F895793-0A08-4B2C-8C58-271A943BF340}.Debug|Any CPU.Build.0 = Debug|Any CPU
		{3F895793-0A08-4B2C-8C58-271A943BF340}.Debug|ARM.ActiveCfg = Debug|ARM
		{3F895793-0A08-4B2C-8C58-271A943BF340}.Debug|ARM.Build.0 = Debug|ARM
		{3F895793-0A08-4B2C-8C58-271A943BF340}.Debug|x64.ActiveCfg = Debug|x64
		{3F895793-0A08-4B2C-8C58-271A943BF340}.Debug|x64.Build.0 = Debug|x64
		{3F895793-0A08-4B2C-8C58-271A943BF340}.Debug|x86.ActiveCfg = Debug|x86
		{3F895793-0A08-4B2C-8C58-271A943BF340}.Debug|x86.Build.0 = Debug|x86
		{3F895793-0A08-4B2C-8C58-271A943BF340}.Release|Any CPU.ActiveCfg = Release|Any CPU
		{3F895793-0A08-4B2C-8C58-271A943BF340}.Release|Any CPU.Build.0 = Release|Any CPU
		{3F895793-0A08-4B2C-8C58-271A943BF340}.Release|ARM.ActiveCfg = Release|ARM
		{3F895793-0A08-4B2C-8C58-271A943BF340}.Release|ARM.Build.0 = Release|ARM
		{3F895793-0A08-4B2C-8C58-271A943BF340}.Release|x64.ActiveCfg = Release|x64
		{3F895793-0A08-4B2C-8C58-271A943BF340}.Release|x64.Build.0 = Release|x64
		{3F895793-0A08-4B2C-8C58-271A943BF340}.Release|x86.ActiveCfg = Release|x86
		{3F895793-0A08-4B2C-8C58-271A943BF340}.Release|x86.Build.0 = Release|x86
		{84172F0A-AC3F-404C-A280-4C238B93FA8D}.Debug|Any CPU.ActiveCfg = Debug|x64
		{84172F0A-AC3F-404C-A280-4C238B93FA8D}.Debug|Any CPU.Build.0 = Debug|x64
		{84172F0A-AC3F-404C-A280-4C238B93FA8D}.Debug|Any CPU.Deploy.0 = Debug|x64
		{84172F0A-AC3F-404C-A280-4C238B93FA8D}.Debug|ARM.ActiveCfg = Debug|ARM
		{84172F0A-AC3F-404C-A280-4C238B93FA8D}.Debug|ARM.Build.0 = Debug|ARM
		{84172F0A-AC3F-404C-A280-4C238B93FA8D}.Debug|ARM.Deploy.0 = Debug|ARM
		{84172F0A-AC3F-404C-A280-4C238B93FA8D}.Debug|x64.ActiveCfg = Debug|x64
		{84172F0A-AC3F-404C-A280-4C238B93FA8D}.Debug|x64.Build.0 = Debug|x64
		{84172F0A-AC3F-404C-A280-4C238B93FA8D}.Debug|x64.Deploy.0 = Debug|x64
		{84172F0A-AC3F-404C-A280-4C238B93FA8D}.Debug|x86.ActiveCfg = Debug|x86
		{84172F0A-AC3F-404C-A280-4C238B93FA8D}.Debug|x86.Build.0 = Debug|x86
		{84172F0A-AC3F-404C-A280-4C238B93FA8D}.Debug|x86.Deploy.0 = Debug|x86
		{84172F0A-AC3F-404C-A280-4C238B93FA8D}.Release|Any CPU.ActiveCfg = Release|x86
		{84172F0A-AC3F-404C-A280-4C238B93FA8D}.Release|ARM.ActiveCfg = Release|ARM
		{84172F0A-AC3F-404C-A280-4C238B93FA8D}.Release|ARM.Build.0 = Release|ARM
		{84172F0A-AC3F-404C-A280-4C238B93FA8D}.Release|ARM.Deploy.0 = Release|ARM
		{84172F0A-AC3F-404C-A280-4C238B93FA8D}.Release|x64.ActiveCfg = Release|x64
		{84172F0A-AC3F-404C-A280-4C238B93FA8D}.Release|x64.Build.0 = Release|x64
		{84172F0A-AC3F-404C-A280-4C238B93FA8D}.Release|x64.Deploy.0 = Release|x64
		{84172F0A-AC3F-404C-A280-4C238B93FA8D}.Release|x86.ActiveCfg = Release|x86
		{84172F0A-AC3F-404C-A280-4C238B93FA8D}.Release|x86.Build.0 = Release|x86
		{84172F0A-AC3F-404C-A280-4C238B93FA8D}.Release|x86.Deploy.0 = Release|x86
	EndGlobalSection
	GlobalSection(SolutionProperties) = preSolution
		HideSolutionNode = FALSE
	EndGlobalSection
	GlobalSection(ExtensibilityGlobals) = postSolution
		SolutionGuid = {21595597-A009-48E9-98B5-94C1EA1FF820}
	EndGlobalSection
EndGlobal
